
Microsoft Visual Studio Solution File, Format Version 12.00
# Visual Studio 14
VisualStudioVersion = 14.0.25420.1
MinimumVisualStudioVersion = 10.0.40219.1
Project("{FAE04EC0-301F-11D3-BF4B-00C04F79EFBC}") = "PizzaMore.Utility", "PizzaMore.Utility\PizzaMore.Utility.csproj", "{179A2AED-08C3-40FF-95F5-2E8CD527A9F8}"
EndProject
Project("{FAE04EC0-301F-11D3-BF4B-00C04F79EFBC}") = "PizzaMore.Data", "PizzaMore.Data\PizzaMore.Data.csproj", "{E6B79005-9ABA-45E8-9F04-07343CDF2A73}"
EndProject
Project("{FAE04EC0-301F-11D3-BF4B-00C04F79EFBC}") = "PizzaMore.Models", "PizzaMore.Models\PizzaMore.Models.csproj", "{BA0DB3DE-3114-46A9-B40C-853B846ADF88}"
EndProject
Global
	GlobalSection(SolutionConfigurationPlatforms) = preSolution
		Debug|Any CPU = Debug|Any CPU
		Release|Any CPU = Release|Any CPU
	EndGlobalSection
	GlobalSection(ProjectConfigurationPlatforms) = postSolution
		{179A2AED-08C3-40FF-95F5-2E8CD527A9F8}.Debug|Any CPU.ActiveCfg = Debug|Any CPU
		{179A2AED-08C3-40FF-95F5-2E8CD527A9F8}.Debug|Any CPU.Build.0 = Debug|Any CPU
		{179A2AED-08C3-40FF-95F5-2E8CD527A9F8}.Release|Any CPU.ActiveCfg = Release|Any CPU
		{179A2AED-08C3-40FF-95F5-2E8CD527A9F8}.Release|Any CPU.Build.0 = Release|Any CPU
		{E6B79005-9ABA-45E8-9F04-07343CDF2A73}.Debug|Any CPU.ActiveCfg = Debug|Any CPU
		{E6B79005-9ABA-45E8-9F04-07343CDF2A73}.Debug|Any CPU.Build.0 = Debug|Any CPU
		{E6B79005-9ABA-45E8-9F04-07343CDF2A73}.Release|Any CPU.ActiveCfg = Release|Any CPU
		{E6B79005-9ABA-45E8-9F04-07343CDF2A73}.Release|Any CPU.Build.0 = Release|Any CPU
		{BA0DB3DE-3114-46A9-B40C-853B846ADF88}.Debug|Any CPU.ActiveCfg = Debug|Any CPU
		{BA0DB3DE-3114-46A9-B40C-853B846ADF88}.Debug|Any CPU.Build.0 = Debug|Any CPU
		{BA0DB3DE-3114-46A9-B40C-853B846ADF88}.Release|Any CPU.ActiveCfg = Release|Any CPU
		{BA0DB3DE-3114-46A9-B40C-853B846ADF88}.Release|Any CPU.Build.0 = Release|Any CPU
	EndGlobalSection
	GlobalSection(SolutionProperties) = preSolution
		HideSolutionNode = FALSE
	EndGlobalSection
EndGlobal
